{
  "object": {
    "pins": [
      {
        "package": "CBls",
        "repositoryURL": "/Users/erictu/git-repos/yeeth/CBls",
        "state": {
          "branch": null,
          "revision": "e831db6c2080a29e39a9e06b0e75fcdb077d1f5a",
          "version": "0.1.0"
        }
      }
    ]
  },
  "version": 1
}
